// !$*UTF8*$!
{
	archiveVersion = 1;
	classes = {
	};
	objectVersion = 48;
	objects = {

/* Begin PBXBuildFile section */
		A6D03E08224D7FD000C25030 /* AppDelegate.swift in Sources */ = {isa = PBXBuildFile; fileRef = A6D03E07224D7FD000C25030 /* AppDelegate.swift */; };
		A6D03E0D224D7FD100C25030 /* Main.storyboard in Resources */ = {isa = PBXBuildFile; fileRef = A6D03E0B224D7FD100C25030 /* Main.storyboard */; };
		A6D03E0F224D7FD100C25030 /* Assets.xcassets in Resources */ = {isa = PBXBuildFile; fileRef = A6D03E0E224D7FD100C25030 /* Assets.xcassets */; };
		A6D03E12224D7FD100C25030 /* LaunchScreen.storyboard in Resources */ = {isa = PBXBuildFile; fileRef = A6D03E10224D7FD100C25030 /* LaunchScreen.storyboard */; };
		A6D03E1D224D7FD100C25030 /* Color_Spec_AppTests.swift in Sources */ = {isa = PBXBuildFile; fileRef = A6D03E1C224D7FD100C25030 /* Color_Spec_AppTests.swift */; };
		A6D03E28224D7FD100C25030 /* Color_Spec_AppUITests.swift in Sources */ = {isa = PBXBuildFile; fileRef = A6D03E27224D7FD100C25030 /* Color_Spec_AppUITests.swift */; };
		A6D03E36224D824400C25030 /* ColorsCollectionViewController.swift in Sources */ = {isa = PBXBuildFile; fileRef = A6D03E35224D824400C25030 /* ColorsCollectionViewController.swift */; };
		A6D03E38224D877F00C25030 /* ColorViewController.swift in Sources */ = {isa = PBXBuildFile; fileRef = A6D03E37224D877F00C25030 /* ColorViewController.swift */; };
		A6D03E3A224D90D600C25030 /* ColorPickerViewController.swift in Sources */ = {isa = PBXBuildFile; fileRef = A6D03E39224D90D600C25030 /* ColorPickerViewController.swift */; };
/* End PBXBuildFile section */

/* Begin PBXContainerItemProxy section */
		A6D03E19224D7FD100C25030 /* PBXContainerItemProxy */ = {
			isa = PBXContainerItemProxy;
			containerPortal = A6D03DFC224D7FD000C25030 /* Project object */;
			proxyType = 1;
			remoteGlobalIDString = A6D03E03224D7FD000C25030;
			remoteInfo = "Color Spec App";
		};
		A6D03E24224D7FD100C25030 /* PBXContainerItemProxy */ = {
			isa = PBXContainerItemProxy;
			containerPortal = A6D03DFC224D7FD000C25030 /* Project object */;
			proxyType = 1;
			remoteGlobalIDString = A6D03E03224D7FD000C25030;
			remoteInfo = "Color Spec App";
		};
/* End PBXContainerItemProxy section */

/* Begin PBXFileReference section */
		A6D03E04224D7FD000C25030 /* Color Spec App.app */ = {isa = PBXFileReference; explicitFileType = wrapper.application; includeInIndex = 0; path = "Color Spec App.app"; sourceTree = BUILT_PRODUCTS_DIR; };
		A6D03E07224D7FD000C25030 /* AppDelegate.swift */ = {isa = PBXFileReference; lastKnownFileType = sourcecode.swift; path = AppDelegate.swift; sourceTree = "<group>"; };
		A6D03E0C224D7FD100C25030 /* Base */ = {isa = PBXFileReference; lastKnownFileType = file.storyboard; name = Base; path = Base.lproj/Main.storyboard; sourceTree = "<group>"; };
		A6D03E0E224D7FD100C25030 /* Assets.xcassets */ = {isa = PBXFileReference; lastKnownFileType = folder.assetcatalog; path = Assets.xcassets; sourceTree = "<group>"; };
		A6D03E11224D7FD100C25030 /* Base */ = {isa = PBXFileReference; lastKnownFileType = file.storyboard; name = Base; path = Base.lproj/LaunchScreen.storyboard; sourceTree = "<group>"; };
		A6D03E13224D7FD100C25030 /* Info.plist */ = {isa = PBXFileReference; lastKnownFileType = text.plist.xml; path = Info.plist; sourceTree = "<group>"; };
		A6D03E18224D7FD100C25030 /* Color Spec AppTests.xctest */ = {isa = PBXFileReference; explicitFileType = wrapper.cfbundle; includeInIndex = 0; path = "Color Spec AppTests.xctest"; sourceTree = BUILT_PRODUCTS_DIR; };
		A6D03E1C224D7FD100C25030 /* Color_Spec_AppTests.swift */ = {isa = PBXFileReference; lastKnownFileType = sourcecode.swift; path = Color_Spec_AppTests.swift; sourceTree = "<group>"; };
		A6D03E1E224D7FD100C25030 /* Info.plist */ = {isa = PBXFileReference; lastKnownFileType = text.plist.xml; path = Info.plist; sourceTree = "<group>"; };
		A6D03E23224D7FD100C25030 /* Color Spec AppUITests.xctest */ = {isa = PBXFileReference; explicitFileType = wrapper.cfbundle; includeInIndex = 0; path = "Color Spec AppUITests.xctest"; sourceTree = BUILT_PRODUCTS_DIR; };
		A6D03E27224D7FD100C25030 /* Color_Spec_AppUITests.swift */ = {isa = PBXFileReference; lastKnownFileType = sourcecode.swift; path = Color_Spec_AppUITests.swift; sourceTree = "<group>"; };
		A6D03E29224D7FD100C25030 /* Info.plist */ = {isa = PBXFileReference; lastKnownFileType = text.plist.xml; path = Info.plist; sourceTree = "<group>"; };
		A6D03E35224D824400C25030 /* ColorsCollectionViewController.swift */ = {isa = PBXFileReference; lastKnownFileType = sourcecode.swift; path = ColorsCollectionViewController.swift; sourceTree = "<group>"; };
		A6D03E37224D877F00C25030 /* ColorViewController.swift */ = {isa = PBXFileReference; lastKnownFileType = sourcecode.swift; path = ColorViewController.swift; sourceTree = "<group>"; };
		A6D03E39224D90D600C25030 /* ColorPickerViewController.swift */ = {isa = PBXFileReference; lastKnownFileType = sourcecode.swift; path = ColorPickerViewController.swift; sourceTree = "<group>"; };
/* End PBXFileReference section */

/* Begin PBXFrameworksBuildPhase section */
		A6D03E01224D7FD000C25030 /* Frameworks */ = {
			isa = PBXFrameworksBuildPhase;
			buildActionMask = 2147483647;
			files = (
			);
			runOnlyForDeploymentPostprocessing = 0;
		};
		A6D03E15224D7FD100C25030 /* Frameworks */ = {
			isa = PBXFrameworksBuildPhase;
			buildActionMask = 2147483647;
			files = (
			);
			runOnlyForDeploymentPostprocessing = 0;
		};
		A6D03E20224D7FD100C25030 /* Frameworks */ = {
			isa = PBXFrameworksBuildPhase;
			buildActionMask = 2147483647;
			files = (
			);
			runOnlyForDeploymentPostprocessing = 0;
		};
/* End PBXFrameworksBuildPhase section */

/* Begin PBXGroup section */
		A6D03DFB224D7FD000C25030 = {
			isa = PBXGroup;
			children = (
				A6D03E06224D7FD000C25030 /* Color Spec App */,
				A6D03E1B224D7FD100C25030 /* Color Spec AppTests */,
				A6D03E26224D7FD100C25030 /* Color Spec AppUITests */,
				A6D03E05224D7FD000C25030 /* Products */,
			);
			sourceTree = "<group>";
		};
		A6D03E05224D7FD000C25030 /* Products */ = {
			isa = PBXGroup;
			children = (
				A6D03E04224D7FD000C25030 /* Color Spec App.app */,
				A6D03E18224D7FD100C25030 /* Color Spec AppTests.xctest */,
				A6D03E23224D7FD100C25030 /* Color Spec AppUITests.xctest */,
			);
			name = Products;
			sourceTree = "<group>";
		};
		A6D03E06224D7FD000C25030 /* Color Spec App */ = {
			isa = PBXGroup;
			children = (
				A6D03E07224D7FD000C25030 /* AppDelegate.swift */,
				A6D03E0B224D7FD100C25030 /* Main.storyboard */,
				A6D03E39224D90D600C25030 /* ColorPickerViewController.swift */,
				A6D03E37224D877F00C25030 /* ColorViewController.swift */,
				A6D03E35224D824400C25030 /* ColorsCollectionViewController.swift */,
				A6D03E0E224D7FD100C25030 /* Assets.xcassets */,
				A6D03E10224D7FD100C25030 /* LaunchScreen.storyboard */,
				A6D03E13224D7FD100C25030 /* Info.plist */,
			);
			path = "Color Spec App";
			sourceTree = "<group>";
		};
		A6D03E1B224D7FD100C25030 /* Color Spec AppTests */ = {
			isa = PBXGroup;
			children = (
				A6D03E1C224D7FD100C25030 /* Color_Spec_AppTests.swift */,
				A6D03E1E224D7FD100C25030 /* Info.plist */,
			);
			path = "Color Spec AppTests";
			sourceTree = "<group>";
		};
		A6D03E26224D7FD100C25030 /* Color Spec AppUITests */ = {
			isa = PBXGroup;
			children = (
				A6D03E27224D7FD100C25030 /* Color_Spec_AppUITests.swift */,
				A6D03E29224D7FD100C25030 /* Info.plist */,
			);
			path = "Color Spec AppUITests";
			sourceTree = "<group>";
		};
/* End PBXGroup section */

/* Begin PBXNativeTarget section */
		A6D03E03224D7FD000C25030 /* Color Spec App */ = {
			isa = PBXNativeTarget;
			buildConfigurationList = A6D03E2C224D7FD100C25030 /* Build configuration list for PBXNativeTarget "Color Spec App" */;
			buildPhases = (
				A6D03E00224D7FD000C25030 /* Sources */,
				A6D03E01224D7FD000C25030 /* Frameworks */,
				A6D03E02224D7FD000C25030 /* Resources */,
			);
			buildRules = (
			);
			dependencies = (
			);
			name = "Color Spec App";
			productName = "Color Spec App";
			productReference = A6D03E04224D7FD000C25030 /* Color Spec App.app */;
			productType = "com.apple.product-type.application";
		};
		A6D03E17224D7FD100C25030 /* Color Spec AppTests */ = {
			isa = PBXNativeTarget;
			buildConfigurationList = A6D03E2F224D7FD100C25030 /* Build configuration list for PBXNativeTarget "Color Spec AppTests" */;
			buildPhases = (
				A6D03E14224D7FD100C25030 /* Sources */,
				A6D03E15224D7FD100C25030 /* Frameworks */,
				A6D03E16224D7FD100C25030 /* Resources */,
			);
			buildRules = (
			);
			dependencies = (
				A6D03E1A224D7FD100C25030 /* PBXTargetDependency */,
			);
			name = "Color Spec AppTests";
			productName = "Color Spec AppTests";
			productReference = A6D03E18224D7FD100C25030 /* Color Spec AppTests.xctest */;
			productType = "com.apple.product-type.bundle.unit-test";
		};
		A6D03E22224D7FD100C25030 /* Color Spec AppUITests */ = {
			isa = PBXNativeTarget;
			buildConfigurationList = A6D03E32224D7FD100C25030 /* Build configuration list for PBXNativeTarget "Color Spec AppUITests" */;
			buildPhases = (
				A6D03E1F224D7FD100C25030 /* Sources */,
				A6D03E20224D7FD100C25030 /* Frameworks */,
				A6D03E21224D7FD100C25030 /* Resources */,
			);
			buildRules = (
			);
			dependencies = (
				A6D03E25224D7FD100C25030 /* PBXTargetDependency */,
			);
			name = "Color Spec AppUITests";
			productName = "Color Spec AppUITests";
			productReference = A6D03E23224D7FD100C25030 /* Color Spec AppUITests.xctest */;
			productType = "com.apple.product-type.bundle.ui-testing";
		};
/* End PBXNativeTarget section */

/* Begin PBXProject section */
		A6D03DFC224D7FD000C25030 /* Project object */ = {
			isa = PBXProject;
			attributes = {
				LastSwiftUpdateCheck = 0910;
				LastUpgradeCheck = 0910;
				ORGANIZATIONNAME = "Isaiah X Smith";
				TargetAttributes = {
					A6D03E03224D7FD000C25030 = {
						CreatedOnToolsVersion = 9.1;
						ProvisioningStyle = Automatic;
					};
					A6D03E17224D7FD100C25030 = {
						CreatedOnToolsVersion = 9.1;
						ProvisioningStyle = Automatic;
						TestTargetID = A6D03E03224D7FD000C25030;
					};
					A6D03E22224D7FD100C25030 = {
						CreatedOnToolsVersion = 9.1;
						ProvisioningStyle = Automatic;
						TestTargetID = A6D03E03224D7FD000C25030;
					};
				};
			};
			buildConfigurationList = A6D03DFF224D7FD000C25030 /* Build configuration list for PBXProject "Color Spec App" */;
			compatibilityVersion = "Xcode 8.0";
			developmentRegion = en;
			hasScannedForEncodings = 0;
			knownRegions = (
				en,
				Base,
			);
			mainGroup = A6D03DFB224D7FD000C25030;
			productRefGroup = A6D03E05224D7FD000C25030 /* Products */;
			projectDirPath = "";
			projectRoot = "";
			targets = (
				A6D03E03224D7FD000C25030 /* Color Spec App */,
				A6D03E17224D7FD100C25030 /* Color Spec AppTests */,
				A6D03E22224D7FD100C25030 /* Color Spec AppUITests */,
			);
		};
/* End PBXProject section */

/* Begin PBXResourcesBuildPhase section */
		A6D03E02224D7FD000C25030 /* Resources */ = {
			isa = PBXResourcesBuildPhase;
			buildActionMask = 2147483647;
			files = (
				A6D03E12224D7FD100C25030 /* LaunchScreen.storyboard in Resources */,
				A6D03E0F224D7FD100C25030 /* Assets.xcassets in Resources */,
				A6D03E0D224D7FD100C25030 /* Main.storyboard in Resources */,
			);
			runOnlyForDeploymentPostprocessing = 0;
		};
		A6D03E16224D7FD100C25030 /* Resources */ = {
			isa = PBXResourcesBuildPhase;
			buildActionMask = 2147483647;
			files = (
			);
			runOnlyForDeploymentPostprocessing = 0;
		};
		A6D03E21224D7FD100C25030 /* Resources */ = {
			isa = PBXResourcesBuildPhase;
			buildActionMask = 2147483647;
			files = (
			);
			runOnlyForDeploymentPostprocessing = 0;
		};
/* End PBXResourcesBuildPhase section */

/* Begin PBXSourcesBuildPhase section */
		A6D03E00224D7FD000C25030 /* Sources */ = {
			isa = PBXSourcesBuildPhase;
			buildActionMask = 2147483647;
			files = (
				A6D03E36224D824400C25030 /* ColorsCollectionViewController.swift in Sources */,
				A6D03E38224D877F00C25030 /* ColorViewController.swift in Sources */,
				A6D03E3A224D90D600C25030 /* ColorPickerViewController.swift in Sources */,
				A6D03E08224D7FD000C25030 /* AppDelegate.swift in Sources */,
			);
			runOnlyForDeploymentPostprocessing = 0;
		};
		A6D03E14224D7FD100C25030 /* Sources */ = {
			isa = PBXSourcesBuildPhase;
			buildActionMask = 2147483647;
			files = (
				A6D03E1D224D7FD100C25030 /* Color_Spec_AppTests.swift in Sources */,
			);
			runOnlyForDeploymentPostprocessing = 0;
		};
		A6D03E1F224D7FD100C25030 /* Sources */ = {
			isa = PBXSourcesBuildPhase;
			buildActionMask = 2147483647;
			files = (
				A6D03E28224D7FD100C25030 /* Color_Spec_AppUITests.swift in Sources */,
			);
			runOnlyForDeploymentPostprocessing = 0;
		};
/* End PBXSourcesBuildPhase section */

/* Begin PBXTargetDependency section */
		A6D03E1A224D7FD100C25030 /* PBXTargetDependency */ = {
			isa = PBXTargetDependency;
			target = A6D03E03224D7FD000C25030 /* Color Spec App */;
			targetProxy = A6D03E19224D7FD100C25030 /* PBXContainerItemProxy */;
		};
		A6D03E25224D7FD100C25030 /* PBXTargetDependency */ = {
			isa = PBXTargetDependency;
			target = A6D03E03224D7FD000C25030 /* Color Spec App */;
			targetProxy = A6D03E24224D7FD100C25030 /* PBXContainerItemProxy */;
		};
/* End PBXTargetDependency section */

/* Begin PBXVariantGroup section */
		A6D03E0B224D7FD100C25030 /* Main.storyboard */ = {
			isa = PBXVariantGroup;
			children = (
				A6D03E0C224D7FD100C25030 /* Base */,
			);
			name = Main.storyboard;
			sourceTree = "<group>";
		};
		A6D03E10224D7FD100C25030 /* LaunchScreen.storyboard */ = {
			isa = PBXVariantGroup;
			children = (
				A6D03E11224D7FD100C25030 /* Base */,
			);
			name = LaunchScreen.storyboard;
			sourceTree = "<group>";
		};
/* End PBXVariantGroup section */

/* Begin XCBuildConfiguration section */
		A6D03E2A224D7FD100C25030 /* Debug */ = {
			isa = XCBuildConfiguration;
			buildSettings = {
				ALWAYS_SEARCH_USER_PATHS = NO;
				CLANG_ANALYZER_NONNULL = YES;
				CLANG_ANALYZER_NUMBER_OBJECT_CONVERSION = YES_AGGRESSIVE;
				CLANG_CXX_LANGUAGE_STANDARD = "gnu++14";
				CLANG_CXX_LIBRARY = "libc++";
				CLANG_ENABLE_MODULES = YES;
				CLANG_ENABLE_OBJC_ARC = YES;
				CLANG_WARN_BLOCK_CAPTURE_AUTORELEASING = YES;
				CLANG_WARN_BOOL_CONVERSION = YES;
				CLANG_WARN_COMMA = YES;
				CLANG_WARN_CONSTANT_CONVERSION = YES;
				CLANG_WARN_DIRECT_OBJC_ISA_USAGE = YES_ERROR;
				CLANG_WARN_DOCUMENTATION_COMMENTS = YES;
				CLANG_WARN_EMPTY_BODY = YES;
				CLANG_WARN_ENUM_CONVERSION = YES;
				CLANG_WARN_INFINITE_RECURSION = YES;
				CLANG_WARN_INT_CONVERSION = YES;
				CLANG_WARN_NON_LITERAL_NULL_CONVERSION = YES;
				CLANG_WARN_OBJC_LITERAL_CONVERSION = YES;
				CLANG_WARN_OBJC_ROOT_CLASS = YES_ERROR;
				CLANG_WARN_RANGE_LOOP_ANALYSIS = YES;
				CLANG_WARN_STRICT_PROTOTYPES = YES;
				CLANG_WARN_SUSPICIOUS_MOVE = YES;
				CLANG_WARN_UNGUARDED_AVAILABILITY = YES_AGGRESSIVE;
				CLANG_WARN_UNREACHABLE_CODE = YES;
				CLANG_WARN__DUPLICATE_METHOD_MATCH = YES;
				CODE_SIGN_IDENTITY = "iPhone Developer";
				COPY_PHASE_STRIP = NO;
				DEBUG_INFORMATION_FORMAT = dwarf;
				ENABLE_STRICT_OBJC_MSGSEND = YES;
				ENABLE_TESTABILITY = YES;
				GCC_C_LANGUAGE_STANDARD = gnu11;
				GCC_DYNAMIC_NO_PIC = NO;
				GCC_NO_COMMON_BLOCKS = YES;
				GCC_OPTIMIZATION_LEVEL = 0;
				GCC_PREPROCESSOR_DEFINITIONS = (
					"DEBUG=1",
					"$(inherited)",
				);
				GCC_WARN_64_TO_32_BIT_CONVERSION = YES;
				GCC_WARN_ABOUT_RETURN_TYPE = YES_ERROR;
				GCC_WARN_UNDECLARED_SELECTOR = YES;
				GCC_WARN_UNINITIALIZED_AUTOS = YES_AGGRESSIVE;
				GCC_WARN_UNUSED_FUNCTION = YES;
				GCC_WARN_UNUSED_VARIABLE = YES;
				IPHONEOS_DEPLOYMENT_TARGET = 11.1;
				MTL_ENABLE_DEBUG_INFO = YES;
				ONLY_ACTIVE_ARCH = YES;
				SDKROOT = iphoneos;
				SWIFT_ACTIVE_COMPILATION_CONDITIONS = DEBUG;
				SWIFT_OPTIMIZATION_LEVEL = "-Onone";
			};
			name = Debug;
		};
		A6D03E2B224D7FD100C25030 /* Release */ = {
			isa = XCBuildConfiguration;
			buildSettings = {
				ALWAYS_SEARCH_USER_PATHS = NO;
				CLANG_ANALYZER_NONNULL = YES;
				CLANG_ANALYZER_NUMBER_OBJECT_CONVERSION = YES_AGGRESSIVE;
				CLANG_CXX_LANGUAGE_STANDARD = "gnu++14";
				CLANG_CXX_LIBRARY = "libc++";
				CLANG_ENABLE_MODULES = YES;
				CLANG_ENABLE_OBJC_ARC = YES;
				CLANG_WARN_BLOCK_CAPTURE_AUTORELEASING = YES;
				CLANG_WARN_BOOL_CONVERSION = YES;
				CLANG_WARN_COMMA = YES;
				CLANG_WARN_CONSTANT_CONVERSION = YES;
				CLANG_WARN_DIRECT_OBJC_ISA_USAGE = YES_ERROR;
				CLANG_WARN_DOCUMENTATION_COMMENTS = YES;
				CLANG_WARN_EMPTY_BODY = YES;
				CLANG_WARN_ENUM_CONVERSION = YES;
				CLANG_WARN_INFINITE_RECURSION = YES;
				CLANG_WARN_INT_CONVERSION = YES;
				CLANG_WARN_NON_LITERAL_NULL_CONVERSION = YES;
				CLANG_WARN_OBJC_LITERAL_CONVERSION = YES;
				CLANG_WARN_OBJC_ROOT_CLASS = YES_ERROR;
				CLANG_WARN_RANGE_LOOP_ANALYSIS = YES;
				CLANG_WARN_STRICT_PROTOTYPES = YES;
				CLANG_WARN_SUSPICIOUS_MOVE = YES;
				CLANG_WARN_UNGUARDED_AVAILABILITY = YES_AGGRESSIVE;
				CLANG_WARN_UNREACHABLE_CODE = YES;
				CLANG_WARN__DUPLICATE_METHOD_MATCH = YES;
				CODE_SIGN_IDENTITY = "iPhone Developer";
				COPY_PHASE_STRIP = NO;
				DEBUG_INFORMATION_FORMAT = "dwarf-with-dsym";
				ENABLE_NS_ASSERTIONS = NO;
				ENABLE_STRICT_OBJC_MSGSEND = YES;
				GCC_C_LANGUAGE_STANDARD = gnu11;
				GCC_NO_COMMON_BLOCKS = YES;
				GCC_WARN_64_TO_32_BIT_CONVERSION = YES;
				GCC_WARN_ABOUT_RETURN_TYPE = YES_ERROR;
				GCC_WARN_UNDECLARED_SELECTOR = YES;
				GCC_WARN_UNINITIALIZED_AUTOS = YES_AGGRESSIVE;
				GCC_WARN_UNUSED_FUNCTION = YES;
				GCC_WARN_UNUSED_VARIABLE = YES;
				IPHONEOS_DEPLOYMENT_TARGET = 11.1;
				MTL_ENABLE_DEBUG_INFO = NO;
				SDKROOT = iphoneos;
				SWIFT_OPTIMIZATION_LEVEL = "-Owholemodule";
				VALIDATE_PRODUCT = YES;
			};
			name = Release;
		};
		A6D03E2D224D7FD100C25030 /* Debug */ = {
			isa = XCBuildConfiguration;
			buildSettings = {
				ASSETCATALOG_COMPILER_APPICON_NAME = AppIcon;
				CODE_SIGN_STYLE = Automatic;
				INFOPLIST_FILE = "Color Spec App/Info.plist";
				LD_RUNPATH_SEARCH_PATHS = "$(inherited) @executable_path/Frameworks";
				PRODUCT_BUNDLE_IDENTIFIER = "something.Color-Spec-App";
				PRODUCT_NAME = "$(TARGET_NAME)";
				SWIFT_VERSION = 4.0;
				TARGETED_DEVICE_FAMILY = "1,2";
			};
			name = Debug;
		};
		A6D03E2E224D7FD100C25030 /* Release */ = {
			isa = XCBuildConfiguration;
			buildSettings = {
				ASSETCATALOG_COMPILER_APPICON_NAME = AppIcon;
				CODE_SIGN_STYLE = Automatic;
				INFOPLIST_FILE = "Color Spec App/Info.plist";
				LD_RUNPATH_SEARCH_PATHS = "$(inherited) @executable_path/Frameworks";
				PRODUCT_BUNDLE_IDENTIFIER = "something.Color-Spec-App";
				PRODUCT_NAME = "$(TARGET_NAME)";
				SWIFT_VERSION = 4.0;
				TARGETED_DEVICE_FAMILY = "1,2";
			};
			name = Release;
		};
		A6D03E30224D7FD100C25030 /* Debug */ = {
			isa = XCBuildConfiguration;
			buildSettings = {
				ALWAYS_EMBED_SWIFT_STANDARD_LIBRARIES = YES;
				BUNDLE_LOADER = "$(TEST_HOST)";
				CODE_SIGN_STYLE = Automatic;
				INFOPLIST_FILE = "Color Spec AppTests/Info.plist";
				LD_RUNPATH_SEARCH_PATHS = "$(inherited) @executable_path/Frameworks @loader_path/Frameworks";
				PRODUCT_BUNDLE_IDENTIFIER = "something.Color-Spec-AppTests";
				PRODUCT_NAME = "$(TARGET_NAME)";
				SWIFT_VERSION = 4.0;
				TARGETED_DEVICE_FAMILY = "1,2";
				TEST_HOST = "$(BUILT_PRODUCTS_DIR)/Color Spec App.app/Color Spec App";
			};
			name = Debug;
		};
		A6D03E31224D7FD100C25030 /* Release */ = {
			isa = XCBuildConfiguration;
			buildSettings = {
				ALWAYS_EMBED_SWIFT_STANDARD_LIBRARIES = YES;
				BUNDLE_LOADER = "$(TEST_HOST)";
				CODE_SIGN_STYLE = Automatic;
				INFOPLIST_FILE = "Color Spec AppTests/Info.plist";
				LD_RUNPATH_SEARCH_PATHS = "$(inherited) @executable_path/Frameworks @loader_path/Frameworks";
				PRODUCT_BUNDLE_IDENTIFIER = "something.Color-Spec-AppTests";
				PRODUCT_NAME = "$(TARGET_NAME)";
				SWIFT_VERSION = 4.0;
				TARGETED_DEVICE_FAMILY = "1,2";
				TEST_HOST = "$(BUILT_PRODUCTS_DIR)/Color Spec App.app/Color Spec App";
			};
			name = Release;
		};
		A6D03E33224D7FD100C25030 /* Debug */ = {
			isa = XCBuildConfiguration;
			buildSettings = {
				ALWAYS_EMBED_SWIFT_STANDARD_LIBRARIES = YES;
				CODE_SIGN_STYLE = Automatic;
				INFOPLIST_FILE = "Color Spec AppUITests/Info.plist";
				LD_RUNPATH_SEARCH_PATHS = "$(inherited) @executable_path/Frameworks @loader_path/Frameworks";
				PRODUCT_BUNDLE_IDENTIFIER = "something.Color-Spec-AppUITests";
				PRODUCT_NAME = "$(TARGET_NAME)";
				SWIFT_VERSION = 4.0;
				TARGETED_DEVICE_FAMILY = "1,2";
				TEST_TARGET_NAME = "Color Spec App";
			};
			name = Debug;
		};
		A6D03E34224D7FD100C25030 /* Release */ = {
			isa = XCBuildConfiguration;
			buildSettings = {
				ALWAYS_EMBED_SWIFT_STANDARD_LIBRARIES = YES;
				CODE_SIGN_STYLE = Automatic;
				INFOPLIST_FILE = "Color Spec AppUITests/Info.plist";
				LD_RUNPATH_SEARCH_PATHS = "$(inherited) @executable_path/Frameworks @loader_path/Frameworks";
				PRODUCT_BUNDLE_IDENTIFIER = "something.Color-Spec-AppUITests";
				PRODUCT_NAME = "$(TARGET_NAME)";
				SWIFT_VERSION = 4.0;
				TARGETED_DEVICE_FAMILY = "1,2";
				TEST_TARGET_NAME = "Color Spec App";
			};
			name = Release;
		};
/* End XCBuildConfiguration section */

/* Begin XCConfigurationList section */
		A6D03DFF224D7FD000C25030 /* Build configuration list for PBXProject "Color Spec App" */ = {
			isa = XCConfigurationList;
			buildConfigurations = (
				A6D03E2A224D7FD100C25030 /* Debug */,
				A6D03E2B224D7FD100C25030 /* Release */,
			);
			defaultConfigurationIsVisible = 0;
			defaultConfigurationName = Release;
		};
		A6D03E2C224D7FD100C25030 /* Build configuration list for PBXNativeTarget "Color Spec App" */ = {
			isa = XCConfigurationList;
			buildConfigurations = (
				A6D03E2D224D7FD100C25030 /* Debug */,
				A6D03E2E224D7FD100C25030 /* Release */,
			);
			defaultConfigurationIsVisible = 0;
			defaultConfigurationName = Release;
		};
		A6D03E2F224D7FD100C25030 /* Build configuration list for PBXNativeTarget "Color Spec AppTests" */ = {
			isa = XCConfigurationList;
			buildConfigurations = (
				A6D03E30224D7FD100C25030 /* Debug */,
				A6D03E31224D7FD100C25030 /* Release */,
			);
			defaultConfigurationIsVisible = 0;
			defaultConfigurationName = Release;
		};
		A6D03E32224D7FD100C25030 /* Build configuration list for PBXNativeTarget "Color Spec AppUITests" */ = {
			isa = XCConfigurationList;
			buildConfigurations = (
				A6D03E33224D7FD100C25030 /* Debug */,
				A6D03E34224D7FD100C25030 /* Release */,
			);
			defaultConfigurationIsVisible = 0;
			defaultConfigurationName = Release;
		};
/* End XCConfigurationList section */
	};
	rootObject = A6D03DFC224D7FD000C25030 /* Project object */;
}
